
Microsoft Visual Studio Solution File, Format Version 12.00
# Visual Studio Version 16
VisualStudioVersion = 16.0.31729.503
MinimumVisualStudioVersion = 10.0.40219.1
Project("{FAE04EC0-301F-11D3-BF4B-00C04F79EFBC}") = "BTD6Battles2Mode", "BTD6Battles2Mode.csproj", "{9B031994-5701-4737-A56F-F2261E7DC332}"
EndProject
Global
	GlobalSection(SolutionConfigurationPlatforms) = preSolution
		Debug|Any CPU = Debug|Any CPU
		Release|Any CPU = Release|Any CPU
	EndGlobalSection
	GlobalSection(ProjectConfigurationPlatforms) = postSolution
		{9B031994-5701-4737-A56F-F2261E7DC332}.Debug|Any CPU.ActiveCfg = Debug|Any CPU
		{9B031994-5701-4737-A56F-F2261E7DC332}.Debug|Any CPU.Build.0 = Debug|Any CPU
		{9B031994-5701-4737-A56F-F2261E7DC332}.Release|Any CPU.ActiveCfg = Release|Any CPU
		{9B031994-5701-4737-A56F-F2261E7DC332}.Release|Any CPU.Build.0 = Release|Any CPU
	EndGlobalSection
	GlobalSection(SolutionProperties) = preSolution
		HideSolutionNode = FALSE
	EndGlobalSection
	GlobalSection(ExtensibilityGlobals) = postSolution
		SolutionGuid = {6D0FC4D3-669D-4DBA-BC46-9EAB80609771}
	EndGlobalSection
EndGlobal
