
Microsoft Visual Studio Solution File, Format Version 12.00
# Visual Studio Version 16
VisualStudioVersion = 16.0.31729.503
MinimumVisualStudioVersion = 10.0.40219.1
Project("{FAE04EC0-301F-11D3-BF4B-00C04F79EFBC}") = "BTD6 Customization items", "BTD6 Customization items.csproj", "{F3CA0291-D125-4E73-A39D-5C774DCCA9D2}"
EndProject
Global
	GlobalSection(SolutionConfigurationPlatforms) = preSolution
		Debug|Any CPU = Debug|Any CPU
		Release|Any CPU = Release|Any CPU
	EndGlobalSection
	GlobalSection(ProjectConfigurationPlatforms) = postSolution
		{F3CA0291-D125-4E73-A39D-5C774DCCA9D2}.Debug|Any CPU.ActiveCfg = Debug|Any CPU
		{F3CA0291-D125-4E73-A39D-5C774DCCA9D2}.Debug|Any CPU.Build.0 = Debug|Any CPU
		{F3CA0291-D125-4E73-A39D-5C774DCCA9D2}.Release|Any CPU.ActiveCfg = Release|Any CPU
		{F3CA0291-D125-4E73-A39D-5C774DCCA9D2}.Release|Any CPU.Build.0 = Release|Any CPU
	EndGlobalSection
	GlobalSection(SolutionProperties) = preSolution
		HideSolutionNode = FALSE
	EndGlobalSection
	GlobalSection(ExtensibilityGlobals) = postSolution
		SolutionGuid = {E4CB2F9B-3085-4990-A470-4864D7017384}
	EndGlobalSection
EndGlobal
