Microsoft Visual Studio Solution File, Format Version 12.00
# Visual Studio Version 16
VisualStudioVersion = 16.0.31402.337
MinimumVisualStudioVersion = 10.0.40219.1
Project("{FAE04EC0-301F-11D3-BF4B-00C04F79EFBC}") = "Random Monkeys", "Random Monkeys.csproj", "{EA709841-0F67-491C-91AD-C982793F3A9E}"
EndProject
Global
	GlobalSection(SolutionConfigurationPlatforms) = preSolution
		Debug|Any CPU = Debug|Any CPU
		Release|Any CPU = Release|Any CPU
	EndGlobalSection
	GlobalSection(ProjectConfigurationPlatforms) = postSolution
		{EA709841-0F67-491C-91AD-C982793F3A9E}.Debug|Any CPU.ActiveCfg = Debug|Any CPU
		{EA709841-0F67-491C-91AD-C982793F3A9E}.Debug|Any CPU.Build.0 = Debug|Any CPU
		{EA709841-0F67-491C-91AD-C982793F3A9E}.Release|Any CPU.ActiveCfg = Release|Any CPU
		{EA709841-0F67-491C-91AD-C982793F3A9E}.Release|Any CPU.Build.0 = Release|Any CPU
	EndGlobalSection
	GlobalSection(SolutionProperties) = preSolution
		HideSolutionNode = FALSE
	EndGlobalSection
	GlobalSection(ExtensibilityGlobals) = postSolution
		SolutionGuid = {AFCF92AA-54E8-41B1-8D7B-CFCD60CA2FE5}
	EndGlobalSection
EndGlobal
